// !$*UTF8*$!
{
	archiveVersion = 1;
	classes = {
	};
	objectVersion = 48;
	objects = {

/* Begin PBXBuildFile section */
		1EB9BB02E5DED0BCEFED84C6 /* Pods_LaunchReactionMeter.framework in Frameworks */ = {isa = PBXBuildFile; fileRef = 262A6A11C6742733CCAD0C04 /* Pods_LaunchReactionMeter.framework */; settings = {ATTRIBUTES = (Weak, ); }; };
		2A1772F75EA48332DD9EF30F /* Pods_LaunchReactionMeterUITests.framework in Frameworks */ = {isa = PBXBuildFile; fileRef = 92238792B01086CEC75BA318 /* Pods_LaunchReactionMeterUITests.framework */; };
		3F7B67381E7E275E628A5DA4 /* Pods_LaunchReactionMeterTests.framework in Frameworks */ = {isa = PBXBuildFile; fileRef = 2DB228874DD2FF5E883CFA57 /* Pods_LaunchReactionMeterTests.framework */; };
		BE16ABC0206D590100E99BD0 /* TimeManager.swift in Sources */ = {isa = PBXBuildFile; fileRef = BE16ABBF206D590100E99BD0 /* TimeManager.swift */; };
		BE16ABCB206D6D1400E99BD0 /* BaseContentViewController.swift in Sources */ = {isa = PBXBuildFile; fileRef = BE16ABC4206D6D1300E99BD0 /* BaseContentViewController.swift */; };
		BE16ABCC206D6D1400E99BD0 /* BaseHeaderViewController.swift in Sources */ = {isa = PBXBuildFile; fileRef = BE16ABC5206D6D1300E99BD0 /* BaseHeaderViewController.swift */; };
		BE16ABCD206D6D1400E99BD0 /* BaseMenuViewController.swift in Sources */ = {isa = PBXBuildFile; fileRef = BE16ABC6206D6D1300E99BD0 /* BaseMenuViewController.swift */; };
		BE16ABCE206D6D1400E99BD0 /* BaseModalViewController.swift in Sources */ = {isa = PBXBuildFile; fileRef = BE16ABC7206D6D1300E99BD0 /* BaseModalViewController.swift */; };
		BE16ABCF206D6D1400E99BD0 /* BaseToastViewController.swift in Sources */ = {isa = PBXBuildFile; fileRef = BE16ABC8206D6D1300E99BD0 /* BaseToastViewController.swift */; };
		BE16ABD0206D6D1400E99BD0 /* BaseViewController.swift in Sources */ = {isa = PBXBuildFile; fileRef = BE16ABC9206D6D1300E99BD0 /* BaseViewController.swift */; };
		BE16ABD1206D6D1400E99BD0 /* BaseWaitingViewController.swift in Sources */ = {isa = PBXBuildFile; fileRef = BE16ABCA206D6D1300E99BD0 /* BaseWaitingViewController.swift */; };
		BE16ABDB206D6D3600E99BD0 /* BaseConfigurator.swift in Sources */ = {isa = PBXBuildFile; fileRef = BE16ABD3206D6D3600E99BD0 /* BaseConfigurator.swift */; };
		BE16ABDC206D6D3600E99BD0 /* BaseInteractor.swift in Sources */ = {isa = PBXBuildFile; fileRef = BE16ABD4206D6D3600E99BD0 /* BaseInteractor.swift */; };
		BE16ABDD206D6D3600E99BD0 /* BasePresenter.swift in Sources */ = {isa = PBXBuildFile; fileRef = BE16ABD5206D6D3600E99BD0 /* BasePresenter.swift */; };
		BE16ABDE206D6D3600E99BD0 /* LifeCycleDelegate.swift in Sources */ = {isa = PBXBuildFile; fileRef = BE16ABD6206D6D3600E99BD0 /* LifeCycleDelegate.swift */; };
		BE16ABDF206D6D3600E99BD0 /* MainMovementExtension.swift in Sources */ = {isa = PBXBuildFile; fileRef = BE16ABD7206D6D3600E99BD0 /* MainMovementExtension.swift */; };
		BE16ABE0206D6D3600E99BD0 /* MainViewController.swift in Sources */ = {isa = PBXBuildFile; fileRef = BE16ABD8206D6D3600E99BD0 /* MainViewController.swift */; };
		BE16ABE1206D6D3600E99BD0 /* MenuLayer.swift in Sources */ = {isa = PBXBuildFile; fileRef = BE16ABD9206D6D3600E99BD0 /* MenuLayer.swift */; };
		BE16ABE2206D6D3600E99BD0 /* ShadeLayer.swift in Sources */ = {isa = PBXBuildFile; fileRef = BE16ABDA206D6D3600E99BD0 /* ShadeLayer.swift */; };
		BE16ABEE206D6D6500E99BD0 /* Array.swift in Sources */ = {isa = PBXBuildFile; fileRef = BE16ABE4206D6D6500E99BD0 /* Array.swift */; };
		BE16ABEF206D6D6500E99BD0 /* NSDateExtension.swift in Sources */ = {isa = PBXBuildFile; fileRef = BE16ABE5206D6D6500E99BD0 /* NSDateExtension.swift */; };
		BE16ABF0206D6D6500E99BD0 /* NSMutableAttributedStringExtension.swift in Sources */ = {isa = PBXBuildFile; fileRef = BE16ABE6206D6D6500E99BD0 /* NSMutableAttributedStringExtension.swift */; };
		BE16ABF1206D6D6500E99BD0 /* PHAssetExtension.swift in Sources */ = {isa = PBXBuildFile; fileRef = BE16ABE7206D6D6500E99BD0 /* PHAssetExtension.swift */; };
		BE16ABF2206D6D6500E99BD0 /* StringExtension.swift in Sources */ = {isa = PBXBuildFile; fileRef = BE16ABE8206D6D6500E99BD0 /* StringExtension.swift */; };
		BE16ABF3206D6D6500E99BD0 /* UIImageExtension.swift in Sources */ = {isa = PBXBuildFile; fileRef = BE16ABE9206D6D6500E99BD0 /* UIImageExtension.swift */; };
		BE16ABF5206D6D6500E99BD0 /* UIScreen.swift in Sources */ = {isa = PBXBuildFile; fileRef = BE16ABEB206D6D6500E99BD0 /* UIScreen.swift */; };
		BE16ABF6206D6D6500E99BD0 /* UIScrollViewExtension.swift in Sources */ = {isa = PBXBuildFile; fileRef = BE16ABEC206D6D6500E99BD0 /* UIScrollViewExtension.swift */; };
		BE16ABF7206D6D6500E99BD0 /* UIView.swift in Sources */ = {isa = PBXBuildFile; fileRef = BE16ABED206D6D6500E99BD0 /* UIView.swift */; };
		BE16ABFB206D6DD000E99BD0 /* MovementProtocol.swift in Sources */ = {isa = PBXBuildFile; fileRef = BE16ABF9206D6DD000E99BD0 /* MovementProtocol.swift */; };
		BE16ABFC206D6DD000E99BD0 /* RefreshProtocol.swift in Sources */ = {isa = PBXBuildFile; fileRef = BE16ABFA206D6DD000E99BD0 /* RefreshProtocol.swift */; };
		BE16ABFE206D6EEF00E99BD0 /* CoreEnvironment.swift in Sources */ = {isa = PBXBuildFile; fileRef = BE16ABFD206D6EEF00E99BD0 /* CoreEnvironment.swift */; };
		BE16AC01206D6F2800E99BD0 /* TabbedPager.swift in Sources */ = {isa = PBXBuildFile; fileRef = BE16AC00206D6F2800E99BD0 /* TabbedPager.swift */; };
		BE16AC50206D6F7300E99BD0 /* HeaderViewController.swift in Sources */ = {isa = PBXBuildFile; fileRef = BE16AC2A206D6F7300E99BD0 /* HeaderViewController.swift */; };
		BE16AC51206D6F7300E99BD0 /* MenuConfigurator.swift in Sources */ = {isa = PBXBuildFile; fileRef = BE16AC2C206D6F7300E99BD0 /* MenuConfigurator.swift */; };
		BE16AC52206D6F7300E99BD0 /* MenuInteractor.swift in Sources */ = {isa = PBXBuildFile; fileRef = BE16AC2D206D6F7300E99BD0 /* MenuInteractor.swift */; };
		BE16AC53206D6F7300E99BD0 /* MenuPresenter.swift in Sources */ = {isa = PBXBuildFile; fileRef = BE16AC2E206D6F7300E99BD0 /* MenuPresenter.swift */; };
		BE16AC54206D6F7300E99BD0 /* MenuViewController.swift in Sources */ = {isa = PBXBuildFile; fileRef = BE16AC2F206D6F7300E99BD0 /* MenuViewController.swift */; };
		BE16AC55206D6F7300E99BD0 /* SnackbarViewController.swift in Sources */ = {isa = PBXBuildFile; fileRef = BE16AC31206D6F7300E99BD0 /* SnackbarViewController.swift */; };
		BE16AC56206D6F7300E99BD0 /* FullScreenWaitingViewController.swift in Sources */ = {isa = PBXBuildFile; fileRef = BE16AC33206D6F7300E99BD0 /* FullScreenWaitingViewController.swift */; };
		BE16AC5A206D6FA100E99BD0 /* HamburgerButton.swift in Sources */ = {isa = PBXBuildFile; fileRef = BE16AC58206D6FA100E99BD0 /* HamburgerButton.swift */; };
		BE16AC5E206D703A00E99BD0 /* Label.swift in Sources */ = {isa = PBXBuildFile; fileRef = BE16AC5D206D703A00E99BD0 /* Label.swift */; };
		BE16AC61206D704700E99BD0 /* ConfigurationLabel.swift in Sources */ = {isa = PBXBuildFile; fileRef = BE16AC60206D704700E99BD0 /* ConfigurationLabel.swift */; };
		BE45369D207A21D2009B602A /* logo.png in Resources */ = {isa = PBXBuildFile; fileRef = BE45369C207A21D2009B602A /* logo.png */; };
		BE4536A1207A2CA4009B602A /* RegistrationViewController.swift in Sources */ = {isa = PBXBuildFile; fileRef = BE4536A0207A2CA4009B602A /* RegistrationViewController.swift */; };
		BE4536A3207A2CBE009B602A /* RegistrationPresenter.swift in Sources */ = {isa = PBXBuildFile; fileRef = BE4536A2207A2CBE009B602A /* RegistrationPresenter.swift */; };
		BE4536A9207A2E68009B602A /* LRMTextField.swift in Sources */ = {isa = PBXBuildFile; fileRef = BE4536A5207A2E68009B602A /* LRMTextField.swift */; };
		BE4536AA207A2E68009B602A /* LRMTextFieldWithError.swift in Sources */ = {isa = PBXBuildFile; fileRef = BE4536A6207A2E68009B602A /* LRMTextFieldWithError.swift */; };
		BE4536AB207A2E68009B602A /* LRMRegTextField.swift in Sources */ = {isa = PBXBuildFile; fileRef = BE4536A8207A2E68009B602A /* LRMRegTextField.swift */; };
		BE4536B1207A2E86009B602A /* ConfigurationLRMTextField.swift in Sources */ = {isa = PBXBuildFile; fileRef = BE4536AD207A2E86009B602A /* ConfigurationLRMTextField.swift */; };
		BE4536B2207A2E86009B602A /* ConfigurationLRMTextFieldWithError.swift in Sources */ = {isa = PBXBuildFile; fileRef = BE4536AE207A2E86009B602A /* ConfigurationLRMTextFieldWithError.swift */; };
		BE4536B3207A2E86009B602A /* ConfigurationLRMRegTextField.swift in Sources */ = {isa = PBXBuildFile; fileRef = BE4536B0207A2E86009B602A /* ConfigurationLRMRegTextField.swift */; };
		BE4536B5207A40DF009B602A /* GoogleService-Info.plist in Resources */ = {isa = PBXBuildFile; fileRef = BE4536B4207A40DE009B602A /* GoogleService-Info.plist */; };
		BE4536B8207A4304009B602A /* RegistrationData.swift in Sources */ = {isa = PBXBuildFile; fileRef = BE4536B7207A4304009B602A /* RegistrationData.swift */; };
		BE4536BB207A5D33009B602A /* blindeye.png in Resources */ = {isa = PBXBuildFile; fileRef = BE4536B9207A5D33009B602A /* blindeye.png */; };
		BE4536BC207A5D33009B602A /* eye.png in Resources */ = {isa = PBXBuildFile; fileRef = BE4536BA207A5D33009B602A /* eye.png */; };
		BE4536BE207A5D8F009B602A /* editPencil.png in Resources */ = {isa = PBXBuildFile; fileRef = BE4536BD207A5D8F009B602A /* editPencil.png */; };
		BE4536C0207A605B009B602A /* SuccessfulRegistrationViewController.swift in Sources */ = {isa = PBXBuildFile; fileRef = BE4536BF207A605B009B602A /* SuccessfulRegistrationViewController.swift */; };
		BE4536C2207A624F009B602A /* SuccessfulRegistrationPresenter.swift in Sources */ = {isa = PBXBuildFile; fileRef = BE4536C1207A624F009B602A /* SuccessfulRegistrationPresenter.swift */; };
		BE5C28BB207A0C8700327871 /* UserChooserViewController.swift in Sources */ = {isa = PBXBuildFile; fileRef = BE5C28BA207A0C8700327871 /* UserChooserViewController.swift */; };
		BE5C28BE207A0D2300327871 /* LoginInteractor.swift in Sources */ = {isa = PBXBuildFile; fileRef = BE5C28BD207A0D2300327871 /* LoginInteractor.swift */; };
		BE5C28C0207A0DB800327871 /* UserChooserPresenter.swift in Sources */ = {isa = PBXBuildFile; fileRef = BE5C28BF207A0DB800327871 /* UserChooserPresenter.swift */; };
		BE5C28C2207A0DEF00327871 /* LoginConfigurator.swift in Sources */ = {isa = PBXBuildFile; fileRef = BE5C28C1207A0DEF00327871 /* LoginConfigurator.swift */; };
		BE5C28C4207A128E00327871 /* LRMButton.swift in Sources */ = {isa = PBXBuildFile; fileRef = BE5C28C3207A128E00327871 /* LRMButton.swift */; };
		BE5C28C7207A135600327871 /* ConfigurationLRMButton.swift in Sources */ = {isa = PBXBuildFile; fileRef = BE5C28C6207A135600327871 /* ConfigurationLRMButton.swift */; };
		BEBC6B57204493BB005C9F86 /* AppDelegate.swift in Sources */ = {isa = PBXBuildFile; fileRef = BEBC6B56204493BB005C9F86 /* AppDelegate.swift */; };
		BEBC6B59204493BB005C9F86 /* ViewController.swift in Sources */ = {isa = PBXBuildFile; fileRef = BEBC6B58204493BB005C9F86 /* ViewController.swift */; };
		BEBC6B5E204493BB005C9F86 /* Assets.xcassets in Resources */ = {isa = PBXBuildFile; fileRef = BEBC6B5D204493BB005C9F86 /* Assets.xcassets */; };
		BEBC6B6C204493BB005C9F86 /* LaunchReactionMeterTests.swift in Sources */ = {isa = PBXBuildFile; fileRef = BEBC6B6B204493BB005C9F86 /* LaunchReactionMeterTests.swift */; };
		BEBC6B77204493BB005C9F86 /* LaunchReactionMeterUITests.swift in Sources */ = {isa = PBXBuildFile; fileRef = BEBC6B76204493BB005C9F86 /* LaunchReactionMeterUITests.swift */; };
		BEBC6B8620449553005C9F86 /* Constants.swift in Sources */ = {isa = PBXBuildFile; fileRef = BEBC6B8520449553005C9F86 /* Constants.swift */; };
		BECAFFAC2050786D00B20AAF /* MultiPeerCommunicationManager.swift in Sources */ = {isa = PBXBuildFile; fileRef = BECAFFAB2050786D00B20AAF /* MultiPeerCommunicationManager.swift */; };
		BECAFFB3205086CF00B20AAF /* ConfigurationComponent.swift in Sources */ = {isa = PBXBuildFile; fileRef = BECAFFB2205086CF00B20AAF /* ConfigurationComponent.swift */; };
		BECAFFB5205086D600B20AAF /* ConfigurationProtocol.swift in Sources */ = {isa = PBXBuildFile; fileRef = BECAFFB4205086D600B20AAF /* ConfigurationProtocol.swift */; };
		BECAFFB82050877F00B20AAF /* ConfigurationSingeLineTableViewCell.swift in Sources */ = {isa = PBXBuildFile; fileRef = BECAFFB72050877F00B20AAF /* ConfigurationSingeLineTableViewCell.swift */; };
		BECAFFBB205087C000B20AAF /* SingleLineTableViewCell.swift in Sources */ = {isa = PBXBuildFile; fileRef = BECAFFBA205087C000B20AAF /* SingleLineTableViewCell.swift */; };
		BECE1F182049D7AC006CC347 /* ExternalAccessory.framework in Frameworks */ = {isa = PBXBuildFile; fileRef = BECE1F172049D7AC006CC347 /* ExternalAccessory.framework */; };
/* End PBXBuildFile section */

/* Begin PBXContainerItemProxy section */
		BEBC6B68204493BB005C9F86 /* PBXContainerItemProxy */ = {
			isa = PBXContainerItemProxy;
			containerPortal = BEBC6B4B204493BB005C9F86 /* Project object */;
			proxyType = 1;
			remoteGlobalIDString = BEBC6B52204493BB005C9F86;
			remoteInfo = LaunchReactionMeter;
		};
		BEBC6B73204493BB005C9F86 /* PBXContainerItemProxy */ = {
			isa = PBXContainerItemProxy;
			containerPortal = BEBC6B4B204493BB005C9F86 /* Project object */;
			proxyType = 1;
			remoteGlobalIDString = BEBC6B52204493BB005C9F86;
			remoteInfo = LaunchReactionMeter;
		};
/* End PBXContainerItemProxy section */

/* Begin PBXFileReference section */
		0A17D0594C33053CF2AD9980 /* Pods-LaunchReactionMeterTests.debug.xcconfig */ = {isa = PBXFileReference; includeInIndex = 1; lastKnownFileType = text.xcconfig; name = "Pods-LaunchReactionMeterTests.debug.xcconfig"; path = "Pods/Target Support Files/Pods-LaunchReactionMeterTests/Pods-LaunchReactionMeterTests.debug.xcconfig"; sourceTree = "<group>"; };
		0A7BFF056634A493CB24A4B9 /* Pods-LaunchReactionMeter.release.xcconfig */ = {isa = PBXFileReference; includeInIndex = 1; lastKnownFileType = text.xcconfig; name = "Pods-LaunchReactionMeter.release.xcconfig"; path = "Pods/Target Support Files/Pods-LaunchReactionMeter/Pods-LaunchReactionMeter.release.xcconfig"; sourceTree = "<group>"; };
		19B277FF3FAB8B6071375E22 /* Pods-LaunchReactionMeter.debug.xcconfig */ = {isa = PBXFileReference; includeInIndex = 1; lastKnownFileType = text.xcconfig; name = "Pods-LaunchReactionMeter.debug.xcconfig"; path = "Pods/Target Support Files/Pods-LaunchReactionMeter/Pods-LaunchReactionMeter.debug.xcconfig"; sourceTree = "<group>"; };
		1D6B365BD6572EE239C810DF /* Pods-LaunchReactionMeterTests.release.xcconfig */ = {isa = PBXFileReference; includeInIndex = 1; lastKnownFileType = text.xcconfig; name = "Pods-LaunchReactionMeterTests.release.xcconfig"; path = "Pods/Target Support Files/Pods-LaunchReactionMeterTests/Pods-LaunchReactionMeterTests.release.xcconfig"; sourceTree = "<group>"; };
		262A6A11C6742733CCAD0C04 /* Pods_LaunchReactionMeter.framework */ = {isa = PBXFileReference; explicitFileType = wrapper.framework; includeInIndex = 0; path = Pods_LaunchReactionMeter.framework; sourceTree = BUILT_PRODUCTS_DIR; };
		2DB228874DD2FF5E883CFA57 /* Pods_LaunchReactionMeterTests.framework */ = {isa = PBXFileReference; explicitFileType = wrapper.framework; includeInIndex = 0; path = Pods_LaunchReactionMeterTests.framework; sourceTree = BUILT_PRODUCTS_DIR; };
		58DD6A01CCF916D298730FA6 /* Pods-LaunchReactionMeterUITests.debug.xcconfig */ = {isa = PBXFileReference; includeInIndex = 1; lastKnownFileType = text.xcconfig; name = "Pods-LaunchReactionMeterUITests.debug.xcconfig"; path = "Pods/Target Support Files/Pods-LaunchReactionMeterUITests/Pods-LaunchReactionMeterUITests.debug.xcconfig"; sourceTree = "<group>"; };
		7CBA3F48632026533C7C346A /* Pods-LaunchReactionMeterUITests.release.xcconfig */ = {isa = PBXFileReference; includeInIndex = 1; lastKnownFileType = text.xcconfig; name = "Pods-LaunchReactionMeterUITests.release.xcconfig"; path = "Pods/Target Support Files/Pods-LaunchReactionMeterUITests/Pods-LaunchReactionMeterUITests.release.xcconfig"; sourceTree = "<group>"; };
		92238792B01086CEC75BA318 /* Pods_LaunchReactionMeterUITests.framework */ = {isa = PBXFileReference; explicitFileType = wrapper.framework; includeInIndex = 0; path = Pods_LaunchReactionMeterUITests.framework; sourceTree = BUILT_PRODUCTS_DIR; };
		BE16ABBC206D553100E99BD0 /* LaunchReactionMeter-Bridging-Header.h */ = {isa = PBXFileReference; lastKnownFileType = sourcecode.c.h; path = "LaunchReactionMeter-Bridging-Header.h"; sourceTree = "<group>"; };
		BE16ABBF206D590100E99BD0 /* TimeManager.swift */ = {isa = PBXFileReference; lastKnownFileType = sourcecode.swift; path = TimeManager.swift; sourceTree = "<group>"; };
		BE16ABC4206D6D1300E99BD0 /* BaseContentViewController.swift */ = {isa = PBXFileReference; fileEncoding = 4; lastKnownFileType = sourcecode.swift; path = BaseContentViewController.swift; sourceTree = "<group>"; };
		BE16ABC5206D6D1300E99BD0 /* BaseHeaderViewController.swift */ = {isa = PBXFileReference; fileEncoding = 4; lastKnownFileType = sourcecode.swift; path = BaseHeaderViewController.swift; sourceTree = "<group>"; };
		BE16ABC6206D6D1300E99BD0 /* BaseMenuViewController.swift */ = {isa = PBXFileReference; fileEncoding = 4; lastKnownFileType = sourcecode.swift; path = BaseMenuViewController.swift; sourceTree = "<group>"; };
		BE16ABC7206D6D1300E99BD0 /* BaseModalViewController.swift */ = {isa = PBXFileReference; fileEncoding = 4; lastKnownFileType = sourcecode.swift; path = BaseModalViewController.swift; sourceTree = "<group>"; };
		BE16ABC8206D6D1300E99BD0 /* BaseToastViewController.swift */ = {isa = PBXFileReference; fileEncoding = 4; lastKnownFileType = sourcecode.swift; path = BaseToastViewController.swift; sourceTree = "<group>"; };
		BE16ABC9206D6D1300E99BD0 /* BaseViewController.swift */ = {isa = PBXFileReference; fileEncoding = 4; lastKnownFileType = sourcecode.swift; path = BaseViewController.swift; sourceTree = "<group>"; };
		BE16ABCA206D6D1300E99BD0 /* BaseWaitingViewController.swift */ = {isa = PBXFileReference; fileEncoding = 4; lastKnownFileType = sourcecode.swift; path = BaseWaitingViewController.swift; sourceTree = "<group>"; };
		BE16ABD3206D6D3600E99BD0 /* BaseConfigurator.swift */ = {isa = PBXFileReference; fileEncoding = 4; lastKnownFileType = sourcecode.swift; path = BaseConfigurator.swift; sourceTree = "<group>"; };
		BE16ABD4206D6D3600E99BD0 /* BaseInteractor.swift */ = {isa = PBXFileReference; fileEncoding = 4; lastKnownFileType = sourcecode.swift; path = BaseInteractor.swift; sourceTree = "<group>"; };
		BE16ABD5206D6D3600E99BD0 /* BasePresenter.swift */ = {isa = PBXFileReference; fileEncoding = 4; lastKnownFileType = sourcecode.swift; path = BasePresenter.swift; sourceTree = "<group>"; };
		BE16ABD6206D6D3600E99BD0 /* LifeCycleDelegate.swift */ = {isa = PBXFileReference; fileEncoding = 4; lastKnownFileType = sourcecode.swift; path = LifeCycleDelegate.swift; sourceTree = "<group>"; };
		BE16ABD7206D6D3600E99BD0 /* MainMovementExtension.swift */ = {isa = PBXFileReference; fileEncoding = 4; lastKnownFileType = sourcecode.swift; path = MainMovementExtension.swift; sourceTree = "<group>"; };
		BE16ABD8206D6D3600E99BD0 /* MainViewController.swift */ = {isa = PBXFileReference; fileEncoding = 4; lastKnownFileType = sourcecode.swift; path = MainViewController.swift; sourceTree = "<group>"; };
		BE16ABD9206D6D3600E99BD0 /* MenuLayer.swift */ = {isa = PBXFileReference; fileEncoding = 4; lastKnownFileType = sourcecode.swift; path = MenuLayer.swift; sourceTree = "<group>"; };
		BE16ABDA206D6D3600E99BD0 /* ShadeLayer.swift */ = {isa = PBXFileReference; fileEncoding = 4; lastKnownFileType = sourcecode.swift; path = ShadeLayer.swift; sourceTree = "<group>"; };
		BE16ABE4206D6D6500E99BD0 /* Array.swift */ = {isa = PBXFileReference; fileEncoding = 4; lastKnownFileType = sourcecode.swift; path = Array.swift; sourceTree = "<group>"; };
		BE16ABE5206D6D6500E99BD0 /* NSDateExtension.swift */ = {isa = PBXFileReference; fileEncoding = 4; lastKnownFileType = sourcecode.swift; path = NSDateExtension.swift; sourceTree = "<group>"; };
		BE16ABE6206D6D6500E99BD0 /* NSMutableAttributedStringExtension.swift */ = {isa = PBXFileReference; fileEncoding = 4; lastKnownFileType = sourcecode.swift; path = NSMutableAttributedStringExtension.swift; sourceTree = "<group>"; };
		BE16ABE7206D6D6500E99BD0 /* PHAssetExtension.swift */ = {isa = PBXFileReference; fileEncoding = 4; lastKnownFileType = sourcecode.swift; path = PHAssetExtension.swift; sourceTree = "<group>"; };
		BE16ABE8206D6D6500E99BD0 /* StringExtension.swift */ = {isa = PBXFileReference; fileEncoding = 4; lastKnownFileType = sourcecode.swift; path = StringExtension.swift; sourceTree = "<group>"; };
		BE16ABE9206D6D6500E99BD0 /* UIImageExtension.swift */ = {isa = PBXFileReference; fileEncoding = 4; lastKnownFileType = sourcecode.swift; path = UIImageExtension.swift; sourceTree = "<group>"; };
		BE16ABEB206D6D6500E99BD0 /* UIScreen.swift */ = {isa = PBXFileReference; fileEncoding = 4; lastKnownFileType = sourcecode.swift; path = UIScreen.swift; sourceTree = "<group>"; };
		BE16ABEC206D6D6500E99BD0 /* UIScrollViewExtension.swift */ = {isa = PBXFileReference; fileEncoding = 4; lastKnownFileType = sourcecode.swift; path = UIScrollViewExtension.swift; sourceTree = "<group>"; };
		BE16ABED206D6D6500E99BD0 /* UIView.swift */ = {isa = PBXFileReference; fileEncoding = 4; lastKnownFileType = sourcecode.swift; path = UIView.swift; sourceTree = "<group>"; };
		BE16ABF9206D6DD000E99BD0 /* MovementProtocol.swift */ = {isa = PBXFileReference; fileEncoding = 4; lastKnownFileType = sourcecode.swift; path = MovementProtocol.swift; sourceTree = "<group>"; };
		BE16ABFA206D6DD000E99BD0 /* RefreshProtocol.swift */ = {isa = PBXFileReference; fileEncoding = 4; lastKnownFileType = sourcecode.swift; path = RefreshProtocol.swift; sourceTree = "<group>"; };
		BE16ABFD206D6EEF00E99BD0 /* CoreEnvironment.swift */ = {isa = PBXFileReference; fileEncoding = 4; lastKnownFileType = sourcecode.swift; path = CoreEnvironment.swift; sourceTree = "<group>"; };
		BE16AC00206D6F2800E99BD0 /* TabbedPager.swift */ = {isa = PBXFileReference; fileEncoding = 4; lastKnownFileType = sourcecode.swift; path = TabbedPager.swift; sourceTree = "<group>"; };
		BE16AC2A206D6F7300E99BD0 /* HeaderViewController.swift */ = {isa = PBXFileReference; fileEncoding = 4; lastKnownFileType = sourcecode.swift; path = HeaderViewController.swift; sourceTree = "<group>"; };
		BE16AC2C206D6F7300E99BD0 /* MenuConfigurator.swift */ = {isa = PBXFileReference; fileEncoding = 4; lastKnownFileType = sourcecode.swift; path = MenuConfigurator.swift; sourceTree = "<group>"; };
		BE16AC2D206D6F7300E99BD0 /* MenuInteractor.swift */ = {isa = PBXFileReference; fileEncoding = 4; lastKnownFileType = sourcecode.swift; path = MenuInteractor.swift; sourceTree = "<group>"; };
		BE16AC2E206D6F7300E99BD0 /* MenuPresenter.swift */ = {isa = PBXFileReference; fileEncoding = 4; lastKnownFileType = sourcecode.swift; path = MenuPresenter.swift; sourceTree = "<group>"; };
		BE16AC2F206D6F7300E99BD0 /* MenuViewController.swift */ = {isa = PBXFileReference; fileEncoding = 4; lastKnownFileType = sourcecode.swift; path = MenuViewController.swift; sourceTree = "<group>"; };
		BE16AC31206D6F7300E99BD0 /* SnackbarViewController.swift */ = {isa = PBXFileReference; fileEncoding = 4; lastKnownFileType = sourcecode.swift; path = SnackbarViewController.swift; sourceTree = "<group>"; };
		BE16AC33206D6F7300E99BD0 /* FullScreenWaitingViewController.swift */ = {isa = PBXFileReference; fileEncoding = 4; lastKnownFileType = sourcecode.swift; path = FullScreenWaitingViewController.swift; sourceTree = "<group>"; };
		BE16AC58206D6FA100E99BD0 /* HamburgerButton.swift */ = {isa = PBXFileReference; fileEncoding = 4; lastKnownFileType = sourcecode.swift; path = HamburgerButton.swift; sourceTree = "<group>"; };
		BE16AC5D206D703A00E99BD0 /* Label.swift */ = {isa = PBXFileReference; fileEncoding = 4; lastKnownFileType = sourcecode.swift; path = Label.swift; sourceTree = "<group>"; };
		BE16AC60206D704700E99BD0 /* ConfigurationLabel.swift */ = {isa = PBXFileReference; fileEncoding = 4; lastKnownFileType = sourcecode.swift; path = ConfigurationLabel.swift; sourceTree = "<group>"; };
		BE45369C207A21D2009B602A /* logo.png */ = {isa = PBXFileReference; lastKnownFileType = image.png; path = logo.png; sourceTree = "<group>"; };
		BE4536A0207A2CA4009B602A /* RegistrationViewController.swift */ = {isa = PBXFileReference; lastKnownFileType = sourcecode.swift; path = RegistrationViewController.swift; sourceTree = "<group>"; };
		BE4536A2207A2CBE009B602A /* RegistrationPresenter.swift */ = {isa = PBXFileReference; lastKnownFileType = sourcecode.swift; path = RegistrationPresenter.swift; sourceTree = "<group>"; };
		BE4536A5207A2E68009B602A /* LRMTextField.swift */ = {isa = PBXFileReference; fileEncoding = 4; lastKnownFileType = sourcecode.swift; path = LRMTextField.swift; sourceTree = "<group>"; };
		BE4536A6207A2E68009B602A /* LRMTextFieldWithError.swift */ = {isa = PBXFileReference; fileEncoding = 4; lastKnownFileType = sourcecode.swift; path = LRMTextFieldWithError.swift; sourceTree = "<group>"; };
		BE4536A8207A2E68009B602A /* LRMRegTextField.swift */ = {isa = PBXFileReference; fileEncoding = 4; lastKnownFileType = sourcecode.swift; path = LRMRegTextField.swift; sourceTree = "<group>"; };
		BE4536AD207A2E86009B602A /* ConfigurationLRMTextField.swift */ = {isa = PBXFileReference; fileEncoding = 4; lastKnownFileType = sourcecode.swift; path = ConfigurationLRMTextField.swift; sourceTree = "<group>"; };
		BE4536AE207A2E86009B602A /* ConfigurationLRMTextFieldWithError.swift */ = {isa = PBXFileReference; fileEncoding = 4; lastKnownFileType = sourcecode.swift; path = ConfigurationLRMTextFieldWithError.swift; sourceTree = "<group>"; };
		BE4536B0207A2E86009B602A /* ConfigurationLRMRegTextField.swift */ = {isa = PBXFileReference; fileEncoding = 4; lastKnownFileType = sourcecode.swift; path = ConfigurationLRMRegTextField.swift; sourceTree = "<group>"; };
		BE4536B4207A40DE009B602A /* GoogleService-Info.plist */ = {isa = PBXFileReference; fileEncoding = 4; lastKnownFileType = text.plist.xml; path = "GoogleService-Info.plist"; sourceTree = "<group>"; };
		BE4536B7207A4304009B602A /* RegistrationData.swift */ = {isa = PBXFileReference; lastKnownFileType = sourcecode.swift; path = RegistrationData.swift; sourceTree = "<group>"; };
		BE4536B9207A5D33009B602A /* blindeye.png */ = {isa = PBXFileReference; lastKnownFileType = image.png; path = blindeye.png; sourceTree = "<group>"; };
		BE4536BA207A5D33009B602A /* eye.png */ = {isa = PBXFileReference; lastKnownFileType = image.png; path = eye.png; sourceTree = "<group>"; };
		BE4536BD207A5D8F009B602A /* editPencil.png */ = {isa = PBXFileReference; lastKnownFileType = image.png; path = editPencil.png; sourceTree = "<group>"; };
		BE4536BF207A605B009B602A /* SuccessfulRegistrationViewController.swift */ = {isa = PBXFileReference; lastKnownFileType = sourcecode.swift; path = SuccessfulRegistrationViewController.swift; sourceTree = "<group>"; };
		BE4536C1207A624F009B602A /* SuccessfulRegistrationPresenter.swift */ = {isa = PBXFileReference; lastKnownFileType = sourcecode.swift; path = SuccessfulRegistrationPresenter.swift; sourceTree = "<group>"; };
		BE5C28BA207A0C8700327871 /* UserChooserViewController.swift */ = {isa = PBXFileReference; lastKnownFileType = sourcecode.swift; path = UserChooserViewController.swift; sourceTree = "<group>"; };
		BE5C28BD207A0D2300327871 /* LoginInteractor.swift */ = {isa = PBXFileReference; lastKnownFileType = sourcecode.swift; path = LoginInteractor.swift; sourceTree = "<group>"; };
		BE5C28BF207A0DB800327871 /* UserChooserPresenter.swift */ = {isa = PBXFileReference; lastKnownFileType = sourcecode.swift; path = UserChooserPresenter.swift; sourceTree = "<group>"; };
		BE5C28C1207A0DEF00327871 /* LoginConfigurator.swift */ = {isa = PBXFileReference; lastKnownFileType = sourcecode.swift; path = LoginConfigurator.swift; sourceTree = "<group>"; };
		BE5C28C3207A128E00327871 /* LRMButton.swift */ = {isa = PBXFileReference; fileEncoding = 4; lastKnownFileType = sourcecode.swift; path = LRMButton.swift; sourceTree = "<group>"; };
		BE5C28C6207A135600327871 /* ConfigurationLRMButton.swift */ = {isa = PBXFileReference; fileEncoding = 4; lastKnownFileType = sourcecode.swift; path = ConfigurationLRMButton.swift; sourceTree = "<group>"; };
		BEBC6B53204493BB005C9F86 /* LaunchReactionMeter.app */ = {isa = PBXFileReference; explicitFileType = wrapper.application; includeInIndex = 0; path = LaunchReactionMeter.app; sourceTree = BUILT_PRODUCTS_DIR; };
		BEBC6B56204493BB005C9F86 /* AppDelegate.swift */ = {isa = PBXFileReference; lastKnownFileType = sourcecode.swift; path = AppDelegate.swift; sourceTree = "<group>"; };
		BEBC6B58204493BB005C9F86 /* ViewController.swift */ = {isa = PBXFileReference; lastKnownFileType = sourcecode.swift; path = ViewController.swift; sourceTree = "<group>"; };
		BEBC6B5D204493BB005C9F86 /* Assets.xcassets */ = {isa = PBXFileReference; lastKnownFileType = folder.assetcatalog; path = Assets.xcassets; sourceTree = "<group>"; };
		BEBC6B62204493BB005C9F86 /* Info.plist */ = {isa = PBXFileReference; lastKnownFileType = text.plist.xml; path = Info.plist; sourceTree = "<group>"; };
		BEBC6B67204493BB005C9F86 /* LaunchReactionMeterTests.xctest */ = {isa = PBXFileReference; explicitFileType = wrapper.cfbundle; includeInIndex = 0; path = LaunchReactionMeterTests.xctest; sourceTree = BUILT_PRODUCTS_DIR; };
		BEBC6B6B204493BB005C9F86 /* LaunchReactionMeterTests.swift */ = {isa = PBXFileReference; lastKnownFileType = sourcecode.swift; path = LaunchReactionMeterTests.swift; sourceTree = "<group>"; };
		BEBC6B6D204493BB005C9F86 /* Info.plist */ = {isa = PBXFileReference; lastKnownFileType = text.plist.xml; path = Info.plist; sourceTree = "<group>"; };
		BEBC6B72204493BB005C9F86 /* LaunchReactionMeterUITests.xctest */ = {isa = PBXFileReference; explicitFileType = wrapper.cfbundle; includeInIndex = 0; path = LaunchReactionMeterUITests.xctest; sourceTree = BUILT_PRODUCTS_DIR; };
		BEBC6B76204493BB005C9F86 /* LaunchReactionMeterUITests.swift */ = {isa = PBXFileReference; lastKnownFileType = sourcecode.swift; path = LaunchReactionMeterUITests.swift; sourceTree = "<group>"; };
		BEBC6B78204493BB005C9F86 /* Info.plist */ = {isa = PBXFileReference; lastKnownFileType = text.plist.xml; path = Info.plist; sourceTree = "<group>"; };
		BEBC6B8520449553005C9F86 /* Constants.swift */ = {isa = PBXFileReference; lastKnownFileType = sourcecode.swift; path = Constants.swift; sourceTree = "<group>"; };
		BECAFFAB2050786D00B20AAF /* MultiPeerCommunicationManager.swift */ = {isa = PBXFileReference; lastKnownFileType = sourcecode.swift; path = MultiPeerCommunicationManager.swift; sourceTree = "<group>"; };
		BECAFFB2205086CF00B20AAF /* ConfigurationComponent.swift */ = {isa = PBXFileReference; fileEncoding = 4; lastKnownFileType = sourcecode.swift; path = ConfigurationComponent.swift; sourceTree = "<group>"; };
		BECAFFB4205086D600B20AAF /* ConfigurationProtocol.swift */ = {isa = PBXFileReference; fileEncoding = 4; lastKnownFileType = sourcecode.swift; path = ConfigurationProtocol.swift; sourceTree = "<group>"; };
		BECAFFB72050877F00B20AAF /* ConfigurationSingeLineTableViewCell.swift */ = {isa = PBXFileReference; lastKnownFileType = sourcecode.swift; path = ConfigurationSingeLineTableViewCell.swift; sourceTree = "<group>"; };
		BECAFFBA205087C000B20AAF /* SingleLineTableViewCell.swift */ = {isa = PBXFileReference; lastKnownFileType = sourcecode.swift; path = SingleLineTableViewCell.swift; sourceTree = "<group>"; };
		BECE1F172049D7AC006CC347 /* ExternalAccessory.framework */ = {isa = PBXFileReference; lastKnownFileType = wrapper.framework; name = ExternalAccessory.framework; path = System/Library/Frameworks/ExternalAccessory.framework; sourceTree = SDKROOT; };
		BECE1F192049D7AC006CC347 /* LaunchReactionMeter.entitlements */ = {isa = PBXFileReference; lastKnownFileType = text.plist.entitlements; path = LaunchReactionMeter.entitlements; sourceTree = "<group>"; };
/* End PBXFileReference section */

/* Begin PBXFrameworksBuildPhase section */
		BEBC6B50204493BB005C9F86 /* Frameworks */ = {
			isa = PBXFrameworksBuildPhase;
			buildActionMask = 2147483647;
			files = (
				BECE1F182049D7AC006CC347 /* ExternalAccessory.framework in Frameworks */,
				1EB9BB02E5DED0BCEFED84C6 /* Pods_LaunchReactionMeter.framework in Frameworks */,
			);
			runOnlyForDeploymentPostprocessing = 0;
		};
		BEBC6B64204493BB005C9F86 /* Frameworks */ = {
			isa = PBXFrameworksBuildPhase;
			buildActionMask = 2147483647;
			files = (
				3F7B67381E7E275E628A5DA4 /* Pods_LaunchReactionMeterTests.framework in Frameworks */,
			);
			runOnlyForDeploymentPostprocessing = 0;
		};
		BEBC6B6F204493BB005C9F86 /* Frameworks */ = {
			isa = PBXFrameworksBuildPhase;
			buildActionMask = 2147483647;
			files = (
				2A1772F75EA48332DD9EF30F /* Pods_LaunchReactionMeterUITests.framework in Frameworks */,
			);
			runOnlyForDeploymentPostprocessing = 0;
		};
/* End PBXFrameworksBuildPhase section */

/* Begin PBXGroup section */
		4743598E88D9F2D326BB7BEA /* Pods */ = {
			isa = PBXGroup;
			children = (
				19B277FF3FAB8B6071375E22 /* Pods-LaunchReactionMeter.debug.xcconfig */,
				0A7BFF056634A493CB24A4B9 /* Pods-LaunchReactionMeter.release.xcconfig */,
				0A17D0594C33053CF2AD9980 /* Pods-LaunchReactionMeterTests.debug.xcconfig */,
				1D6B365BD6572EE239C810DF /* Pods-LaunchReactionMeterTests.release.xcconfig */,
				58DD6A01CCF916D298730FA6 /* Pods-LaunchReactionMeterUITests.debug.xcconfig */,
				7CBA3F48632026533C7C346A /* Pods-LaunchReactionMeterUITests.release.xcconfig */,
			);
			name = Pods;
			sourceTree = "<group>";
		};
		BE16ABC3206D6D1300E99BD0 /* BaseViewContollers */ = {
			isa = PBXGroup;
			children = (
				BE16ABC4206D6D1300E99BD0 /* BaseContentViewController.swift */,
				BE16ABC5206D6D1300E99BD0 /* BaseHeaderViewController.swift */,
				BE16ABC6206D6D1300E99BD0 /* BaseMenuViewController.swift */,
				BE16ABC7206D6D1300E99BD0 /* BaseModalViewController.swift */,
				BE16ABC8206D6D1300E99BD0 /* BaseToastViewController.swift */,
				BE16ABC9206D6D1300E99BD0 /* BaseViewController.swift */,
				BE16ABCA206D6D1300E99BD0 /* BaseWaitingViewController.swift */,
			);
			path = BaseViewContollers;
			sourceTree = "<group>";
		};
		BE16ABD2206D6D3600E99BD0 /* Layers */ = {
			isa = PBXGroup;
			children = (
				BE16ABD3206D6D3600E99BD0 /* BaseConfigurator.swift */,
				BE16ABD4206D6D3600E99BD0 /* BaseInteractor.swift */,
				BE16ABD5206D6D3600E99BD0 /* BasePresenter.swift */,
				BE16ABD6206D6D3600E99BD0 /* LifeCycleDelegate.swift */,
				BE16ABD7206D6D3600E99BD0 /* MainMovementExtension.swift */,
				BE16ABD8206D6D3600E99BD0 /* MainViewController.swift */,
				BE16ABD9206D6D3600E99BD0 /* MenuLayer.swift */,
				BE16ABDA206D6D3600E99BD0 /* ShadeLayer.swift */,
			);
			path = Layers;
			sourceTree = "<group>";
		};
		BE16ABE3206D6D6500E99BD0 /* Extensions */ = {
			isa = PBXGroup;
			children = (
				BE16ABE4206D6D6500E99BD0 /* Array.swift */,
				BE16ABE5206D6D6500E99BD0 /* NSDateExtension.swift */,
				BE16ABE6206D6D6500E99BD0 /* NSMutableAttributedStringExtension.swift */,
				BE16ABE7206D6D6500E99BD0 /* PHAssetExtension.swift */,
				BE16ABE8206D6D6500E99BD0 /* StringExtension.swift */,
				BE16ABE9206D6D6500E99BD0 /* UIImageExtension.swift */,
				BE16ABEB206D6D6500E99BD0 /* UIScreen.swift */,
				BE16ABEC206D6D6500E99BD0 /* UIScrollViewExtension.swift */,
				BE16ABED206D6D6500E99BD0 /* UIView.swift */,
			);
			path = Extensions;
			sourceTree = "<group>";
		};
		BE16ABF8206D6DD000E99BD0 /* Protocols */ = {
			isa = PBXGroup;
			children = (
				BE16ABF9206D6DD000E99BD0 /* MovementProtocol.swift */,
				BE16ABFA206D6DD000E99BD0 /* RefreshProtocol.swift */,
			);
			path = Protocols;
			sourceTree = "<group>";
		};
		BE16ABFF206D6F2800E99BD0 /* Pager */ = {
			isa = PBXGroup;
			children = (
				BE16AC00206D6F2800E99BD0 /* TabbedPager.swift */,
			);
			path = Pager;
			sourceTree = "<group>";
		};
		BE16AC02206D6F7300E99BD0 /* Screens */ = {
			isa = PBXGroup;
			children = (
				BE16AC03206D6F7300E99BD0 /* Content */,
				BE16AC29206D6F7300E99BD0 /* Header */,
				BE16AC2B206D6F7300E99BD0 /* Menu */,
				BE16AC30206D6F7300E99BD0 /* Toast */,
				BE16AC32206D6F7300E99BD0 /* Waiting */,
			);
			path = Screens;
			sourceTree = "<group>";
		};
		BE16AC03206D6F7300E99BD0 /* Content */ = {
			isa = PBXGroup;
			children = (
				BE5C28BC207A0CBF00327871 /* Login */,
				BEBC6B58204493BB005C9F86 /* ViewController.swift */,
			);
			path = Content;
			sourceTree = "<group>";
		};
		BE16AC29206D6F7300E99BD0 /* Header */ = {
			isa = PBXGroup;
			children = (
				BE16AC2A206D6F7300E99BD0 /* HeaderViewController.swift */,
			);
			path = Header;
			sourceTree = "<group>";
		};
		BE16AC2B206D6F7300E99BD0 /* Menu */ = {
			isa = PBXGroup;
			children = (
				BE16AC2C206D6F7300E99BD0 /* MenuConfigurator.swift */,
				BE16AC2D206D6F7300E99BD0 /* MenuInteractor.swift */,
				BE16AC2E206D6F7300E99BD0 /* MenuPresenter.swift */,
				BE16AC2F206D6F7300E99BD0 /* MenuViewController.swift */,
			);
			path = Menu;
			sourceTree = "<group>";
		};
		BE16AC30206D6F7300E99BD0 /* Toast */ = {
			isa = PBXGroup;
			children = (
				BE16AC31206D6F7300E99BD0 /* SnackbarViewController.swift */,
			);
			path = Toast;
			sourceTree = "<group>";
		};
		BE16AC32206D6F7300E99BD0 /* Waiting */ = {
			isa = PBXGroup;
			children = (
				BE16AC33206D6F7300E99BD0 /* FullScreenWaitingViewController.swift */,
			);
			path = Waiting;
			sourceTree = "<group>";
		};
		BE16AC57206D6FA100E99BD0 /* Button */ = {
			isa = PBXGroup;
			children = (
				BE5C28C3207A128E00327871 /* LRMButton.swift */,
				BE16AC58206D6FA100E99BD0 /* HamburgerButton.swift */,
			);
			path = Button;
			sourceTree = "<group>";
		};
		BE16AC5C206D703A00E99BD0 /* Label */ = {
			isa = PBXGroup;
			children = (
				BE16AC5D206D703A00E99BD0 /* Label.swift */,
			);
			path = Label;
			sourceTree = "<group>";
		};
		BE16AC5F206D704700E99BD0 /* Label */ = {
			isa = PBXGroup;
			children = (
				BE16AC60206D704700E99BD0 /* ConfigurationLabel.swift */,
			);
			path = Label;
			sourceTree = "<group>";
		};
		BE45369B207A21D2009B602A /* Images */ = {
			isa = PBXGroup;
			children = (
				BE4536B9207A5D33009B602A /* blindeye.png */,
				BE4536BD207A5D8F009B602A /* editPencil.png */,
				BE4536BA207A5D33009B602A /* eye.png */,
				BE45369C207A21D2009B602A /* logo.png */,
			);
			path = Images;
			sourceTree = "<group>";
		};
		BE45369E207A298B009B602A /* UserChooser */ = {
			isa = PBXGroup;
			children = (
				BE5C28BA207A0C8700327871 /* UserChooserViewController.swift */,
				BE5C28BF207A0DB800327871 /* UserChooserPresenter.swift */,
			);
			path = UserChooser;
			sourceTree = "<group>";
		};
		BE45369F207A299B009B602A /* Registration */ = {
			isa = PBXGroup;
			children = (
				BE4536A0207A2CA4009B602A /* RegistrationViewController.swift */,
				BE4536A2207A2CBE009B602A /* RegistrationPresenter.swift */,
				BE4536BF207A605B009B602A /* SuccessfulRegistrationViewController.swift */,
				BE4536C1207A624F009B602A /* SuccessfulRegistrationPresenter.swift */,
			);
			path = Registration;
			sourceTree = "<group>";
		};
		BE4536A4207A2E68009B602A /* TextField */ = {
			isa = PBXGroup;
			children = (
				BE4536A5207A2E68009B602A /* LRMTextField.swift */,
				BE4536A6207A2E68009B602A /* LRMTextFieldWithError.swift */,
				BE4536A7207A2E68009B602A /* Registration */,
			);
			path = TextField;
			sourceTree = "<group>";
		};
		BE4536A7207A2E68009B602A /* Registration */ = {
			isa = PBXGroup;
			children = (
				BE4536A8207A2E68009B602A /* LRMRegTextField.swift */,
			);
			path = Registration;
			sourceTree = "<group>";
		};
		BE4536AC207A2E86009B602A /* TextField */ = {
			isa = PBXGroup;
			children = (
				BE4536AD207A2E86009B602A /* ConfigurationLRMTextField.swift */,
				BE4536AE207A2E86009B602A /* ConfigurationLRMTextFieldWithError.swift */,
				BE4536AF207A2E86009B602A /* Registration */,
			);
			path = TextField;
			sourceTree = "<group>";
		};
		BE4536AF207A2E86009B602A /* Registration */ = {
			isa = PBXGroup;
			children = (
				BE4536B0207A2E86009B602A /* ConfigurationLRMRegTextField.swift */,
			);
			path = Registration;
			sourceTree = "<group>";
		};
		BE4536B6207A42F3009B602A /* DataClasses */ = {
			isa = PBXGroup;
			children = (
				BE4536B7207A4304009B602A /* RegistrationData.swift */,
			);
			path = DataClasses;
			sourceTree = "<group>";
		};
		BE5C28BC207A0CBF00327871 /* Login */ = {
			isa = PBXGroup;
			children = (
				BE45369F207A299B009B602A /* Registration */,
				BE45369E207A298B009B602A /* UserChooser */,
				BE5C28BD207A0D2300327871 /* LoginInteractor.swift */,
				BE5C28C1207A0DEF00327871 /* LoginConfigurator.swift */,
			);
			path = Login;
			sourceTree = "<group>";
		};
		BE5C28C5207A133A00327871 /* Button */ = {
			isa = PBXGroup;
			children = (
				BE5C28C6207A135600327871 /* ConfigurationLRMButton.swift */,
			);
			path = Button;
			sourceTree = "<group>";
		};
		BEBC6B4A204493BB005C9F86 = {
			isa = PBXGroup;
			children = (
				BEBC6B55204493BB005C9F86 /* LaunchReactionMeter */,
				BEBC6B6A204493BB005C9F86 /* LaunchReactionMeterTests */,
				BEBC6B75204493BB005C9F86 /* LaunchReactionMeterUITests */,
				BEBC6B54204493BB005C9F86 /* Products */,
				4743598E88D9F2D326BB7BEA /* Pods */,
				FC59859B1544BED20BE03E98 /* Frameworks */,
			);
			sourceTree = "<group>";
		};
		BEBC6B54204493BB005C9F86 /* Products */ = {
			isa = PBXGroup;
			children = (
				BEBC6B53204493BB005C9F86 /* LaunchReactionMeter.app */,
				BEBC6B67204493BB005C9F86 /* LaunchReactionMeterTests.xctest */,
				BEBC6B72204493BB005C9F86 /* LaunchReactionMeterUITests.xctest */,
			);
			name = Products;
			sourceTree = "<group>";
		};
		BEBC6B55204493BB005C9F86 /* LaunchReactionMeter */ = {
			isa = PBXGroup;
			children = (
				BE4536B6207A42F3009B602A /* DataClasses */,
				BE4536B4207A40DE009B602A /* GoogleService-Info.plist */,
				BE45369B207A21D2009B602A /* Images */,
				BE16AC02206D6F7300E99BD0 /* Screens */,
				BE16ABF8206D6DD000E99BD0 /* Protocols */,
				BE16ABD2206D6D3600E99BD0 /* Layers */,
				BE16ABC3206D6D1300E99BD0 /* BaseViewContollers */,
				BECAFFAD2050864100B20AAF /* ScreenComponents */,
				BECE1F192049D7AC006CC347 /* LaunchReactionMeter.entitlements */,
				BEBC6B8420449546005C9F86 /* Core */,
				BEBC6B56204493BB005C9F86 /* AppDelegate.swift */,
				BEBC6B5D204493BB005C9F86 /* Assets.xcassets */,
				BEBC6B62204493BB005C9F86 /* Info.plist */,
				BE16ABBC206D553100E99BD0 /* LaunchReactionMeter-Bridging-Header.h */,
			);
			path = LaunchReactionMeter;
			sourceTree = "<group>";
		};
		BEBC6B6A204493BB005C9F86 /* LaunchReactionMeterTests */ = {
			isa = PBXGroup;
			children = (
				BEBC6B6B204493BB005C9F86 /* LaunchReactionMeterTests.swift */,
				BEBC6B6D204493BB005C9F86 /* Info.plist */,
			);
			path = LaunchReactionMeterTests;
			sourceTree = "<group>";
		};
		BEBC6B75204493BB005C9F86 /* LaunchReactionMeterUITests */ = {
			isa = PBXGroup;
			children = (
				BEBC6B76204493BB005C9F86 /* LaunchReactionMeterUITests.swift */,
				BEBC6B78204493BB005C9F86 /* Info.plist */,
			);
			path = LaunchReactionMeterUITests;
			sourceTree = "<group>";
		};
		BEBC6B8420449546005C9F86 /* Core */ = {
			isa = PBXGroup;
			children = (
				BE16ABFD206D6EEF00E99BD0 /* CoreEnvironment.swift */,
				BE16ABE3206D6D6500E99BD0 /* Extensions */,
				BEBC6B8520449553005C9F86 /* Constants.swift */,
				BECAFFAB2050786D00B20AAF /* MultiPeerCommunicationManager.swift */,
				BE16ABBF206D590100E99BD0 /* TimeManager.swift */,
			);
			path = Core;
			sourceTree = "<group>";
		};
		BECAFFAD2050864100B20AAF /* ScreenComponents */ = {
			isa = PBXGroup;
			children = (
				BECAFFAF2050866000B20AAF /* Configurations */,
				BECAFFAE2050865A00B20AAF /* Components */,
			);
			path = ScreenComponents;
			sourceTree = "<group>";
		};
		BECAFFAE2050865A00B20AAF /* Components */ = {
			isa = PBXGroup;
			children = (
				BE4536A4207A2E68009B602A /* TextField */,
				BE16AC5C206D703A00E99BD0 /* Label */,
				BE16AC57206D6FA100E99BD0 /* Button */,
				BE16ABFF206D6F2800E99BD0 /* Pager */,
				BECAFFB9205087AA00B20AAF /* TableViewCells */,
				BECAFFB4205086D600B20AAF /* ConfigurationProtocol.swift */,
			);
			path = Components;
			sourceTree = "<group>";
		};
		BECAFFAF2050866000B20AAF /* Configurations */ = {
			isa = PBXGroup;
			children = (
				BE4536AC207A2E86009B602A /* TextField */,
				BE5C28C5207A133A00327871 /* Button */,
				BE16AC5F206D704700E99BD0 /* Label */,
				BECAFFB62050876900B20AAF /* TableViewCells */,
				BECAFFB2205086CF00B20AAF /* ConfigurationComponent.swift */,
			);
			path = Configurations;
			sourceTree = "<group>";
		};
		BECAFFB62050876900B20AAF /* TableViewCells */ = {
			isa = PBXGroup;
			children = (
				BECAFFB72050877F00B20AAF /* ConfigurationSingeLineTableViewCell.swift */,
			);
			path = TableViewCells;
			sourceTree = "<group>";
		};
		BECAFFB9205087AA00B20AAF /* TableViewCells */ = {
			isa = PBXGroup;
			children = (
				BECAFFBA205087C000B20AAF /* SingleLineTableViewCell.swift */,
			);
			path = TableViewCells;
			sourceTree = "<group>";
		};
		FC59859B1544BED20BE03E98 /* Frameworks */ = {
			isa = PBXGroup;
			children = (
				BECE1F172049D7AC006CC347 /* ExternalAccessory.framework */,
				262A6A11C6742733CCAD0C04 /* Pods_LaunchReactionMeter.framework */,
				2DB228874DD2FF5E883CFA57 /* Pods_LaunchReactionMeterTests.framework */,
				92238792B01086CEC75BA318 /* Pods_LaunchReactionMeterUITests.framework */,
			);
			name = Frameworks;
			sourceTree = "<group>";
		};
/* End PBXGroup section */

/* Begin PBXNativeTarget section */
		BEBC6B52204493BB005C9F86 /* LaunchReactionMeter */ = {
			isa = PBXNativeTarget;
			buildConfigurationList = BEBC6B7B204493BB005C9F86 /* Build configuration list for PBXNativeTarget "LaunchReactionMeter" */;
			buildPhases = (
				32591E14121C9A31CFA9248A /* [CP] Check Pods Manifest.lock */,
				BEBC6B4F204493BB005C9F86 /* Sources */,
				BEBC6B50204493BB005C9F86 /* Frameworks */,
				BEBC6B51204493BB005C9F86 /* Resources */,
				B4B82A306867C7DCE30E55AD /* [CP] Embed Pods Frameworks */,
				5A23A52ABAD0E22723AAD39A /* [CP] Copy Pods Resources */,
			);
			buildRules = (
			);
			dependencies = (
			);
			name = LaunchReactionMeter;
			productName = LaunchReactionMeter;
			productReference = BEBC6B53204493BB005C9F86 /* LaunchReactionMeter.app */;
			productType = "com.apple.product-type.application";
		};
		BEBC6B66204493BB005C9F86 /* LaunchReactionMeterTests */ = {
			isa = PBXNativeTarget;
			buildConfigurationList = BEBC6B7E204493BB005C9F86 /* Build configuration list for PBXNativeTarget "LaunchReactionMeterTests" */;
			buildPhases = (
				ED1CFEC4568E01ECC72605A5 /* [CP] Check Pods Manifest.lock */,
				BEBC6B63204493BB005C9F86 /* Sources */,
				BEBC6B64204493BB005C9F86 /* Frameworks */,
				BEBC6B65204493BB005C9F86 /* Resources */,
				C0C3E96BD3086E8BE5EAD5C1 /* [CP] Embed Pods Frameworks */,
				9BC837C7570B24631729AFB7 /* [CP] Copy Pods Resources */,
			);
			buildRules = (
			);
			dependencies = (
				BEBC6B69204493BB005C9F86 /* PBXTargetDependency */,
			);
			name = LaunchReactionMeterTests;
			productName = LaunchReactionMeterTests;
			productReference = BEBC6B67204493BB005C9F86 /* LaunchReactionMeterTests.xctest */;
			productType = "com.apple.product-type.bundle.unit-test";
		};
		BEBC6B71204493BB005C9F86 /* LaunchReactionMeterUITests */ = {
			isa = PBXNativeTarget;
			buildConfigurationList = BEBC6B81204493BB005C9F86 /* Build configuration list for PBXNativeTarget "LaunchReactionMeterUITests" */;
			buildPhases = (
				CA06BA48513DD1B2727C648C /* [CP] Check Pods Manifest.lock */,
				BEBC6B6E204493BB005C9F86 /* Sources */,
				BEBC6B6F204493BB005C9F86 /* Frameworks */,
				BEBC6B70204493BB005C9F86 /* Resources */,
				C94170A144CFAFAC30E32245 /* [CP] Embed Pods Frameworks */,
				C912C3E18D73E5CC3F8AFDD3 /* [CP] Copy Pods Resources */,
			);
			buildRules = (
			);
			dependencies = (
				BEBC6B74204493BB005C9F86 /* PBXTargetDependency */,
			);
			name = LaunchReactionMeterUITests;
			productName = LaunchReactionMeterUITests;
			productReference = BEBC6B72204493BB005C9F86 /* LaunchReactionMeterUITests.xctest */;
			productType = "com.apple.product-type.bundle.ui-testing";
		};
/* End PBXNativeTarget section */

/* Begin PBXProject section */
		BEBC6B4B204493BB005C9F86 /* Project object */ = {
			isa = PBXProject;
			attributes = {
				LastSwiftUpdateCheck = 0920;
				LastUpgradeCheck = 0920;
				ORGANIZATIONNAME = "Ákos Kemenes";
				TargetAttributes = {
					BEBC6B52204493BB005C9F86 = {
						CreatedOnToolsVersion = 9.2;
						LastSwiftMigration = 0920;
						ProvisioningStyle = Automatic;
						SystemCapabilities = {
							com.apple.WAC = {
								enabled = 1;
							};
						};
					};
					BEBC6B66204493BB005C9F86 = {
						CreatedOnToolsVersion = 9.2;
						ProvisioningStyle = Automatic;
						TestTargetID = BEBC6B52204493BB005C9F86;
					};
					BEBC6B71204493BB005C9F86 = {
						CreatedOnToolsVersion = 9.2;
						ProvisioningStyle = Automatic;
						TestTargetID = BEBC6B52204493BB005C9F86;
					};
				};
			};
			buildConfigurationList = BEBC6B4E204493BB005C9F86 /* Build configuration list for PBXProject "LaunchReactionMeter" */;
			compatibilityVersion = "Xcode 8.0";
			developmentRegion = en;
			hasScannedForEncodings = 0;
			knownRegions = (
				en,
				Base,
			);
			mainGroup = BEBC6B4A204493BB005C9F86;
			productRefGroup = BEBC6B54204493BB005C9F86 /* Products */;
			projectDirPath = "";
			projectRoot = "";
			targets = (
				BEBC6B52204493BB005C9F86 /* LaunchReactionMeter */,
				BEBC6B66204493BB005C9F86 /* LaunchReactionMeterTests */,
				BEBC6B71204493BB005C9F86 /* LaunchReactionMeterUITests */,
			);
		};
/* End PBXProject section */

/* Begin PBXResourcesBuildPhase section */
		BEBC6B51204493BB005C9F86 /* Resources */ = {
			isa = PBXResourcesBuildPhase;
			buildActionMask = 2147483647;
			files = (
				BE4536BE207A5D8F009B602A /* editPencil.png in Resources */,
				BE45369D207A21D2009B602A /* logo.png in Resources */,
				BEBC6B5E204493BB005C9F86 /* Assets.xcassets in Resources */,
				BE4536B5207A40DF009B602A /* GoogleService-Info.plist in Resources */,
				BE4536BB207A5D33009B602A /* blindeye.png in Resources */,
				BE4536BC207A5D33009B602A /* eye.png in Resources */,
			);
			runOnlyForDeploymentPostprocessing = 0;
		};
		BEBC6B65204493BB005C9F86 /* Resources */ = {
			isa = PBXResourcesBuildPhase;
			buildActionMask = 2147483647;
			files = (
			);
			runOnlyForDeploymentPostprocessing = 0;
		};
		BEBC6B70204493BB005C9F86 /* Resources */ = {
			isa = PBXResourcesBuildPhase;
			buildActionMask = 2147483647;
			files = (
			);
			runOnlyForDeploymentPostprocessing = 0;
		};
/* End PBXResourcesBuildPhase section */

/* Begin PBXShellScriptBuildPhase section */
		32591E14121C9A31CFA9248A /* [CP] Check Pods Manifest.lock */ = {
			isa = PBXShellScriptBuildPhase;
			buildActionMask = 2147483647;
			files = (
			);
			inputPaths = (
				"${PODS_PODFILE_DIR_PATH}/Podfile.lock",
				"${PODS_ROOT}/Manifest.lock",
			);
			name = "[CP] Check Pods Manifest.lock";
			outputPaths = (
				"$(DERIVED_FILE_DIR)/Pods-LaunchReactionMeter-checkManifestLockResult.txt",
			);
			runOnlyForDeploymentPostprocessing = 0;
			shellPath = /bin/sh;
			shellScript = "diff \"${PODS_PODFILE_DIR_PATH}/Podfile.lock\" \"${PODS_ROOT}/Manifest.lock\" > /dev/null\nif [ $? != 0 ] ; then\n    # print error to STDERR\n    echo \"error: The sandbox is not in sync with the Podfile.lock. Run 'pod install' or update your CocoaPods installation.\" >&2\n    exit 1\nfi\n# This output is used by Xcode 'outputs' to avoid re-running this script phase.\necho \"SUCCESS\" > \"${SCRIPT_OUTPUT_FILE_0}\"\n";
			showEnvVarsInLog = 0;
		};
		5A23A52ABAD0E22723AAD39A /* [CP] Copy Pods Resources */ = {
			isa = PBXShellScriptBuildPhase;
			buildActionMask = 2147483647;
			files = (
			);
			inputPaths = (
			);
			name = "[CP] Copy Pods Resources";
			outputPaths = (
			);
			runOnlyForDeploymentPostprocessing = 0;
			shellPath = /bin/sh;
			shellScript = "\"${SRCROOT}/Pods/Target Support Files/Pods-LaunchReactionMeter/Pods-LaunchReactionMeter-resources.sh\"\n";
			showEnvVarsInLog = 0;
		};
		9BC837C7570B24631729AFB7 /* [CP] Copy Pods Resources */ = {
			isa = PBXShellScriptBuildPhase;
			buildActionMask = 2147483647;
			files = (
			);
			inputPaths = (
			);
			name = "[CP] Copy Pods Resources";
			outputPaths = (
			);
			runOnlyForDeploymentPostprocessing = 0;
			shellPath = /bin/sh;
			shellScript = "\"${SRCROOT}/Pods/Target Support Files/Pods-LaunchReactionMeterTests/Pods-LaunchReactionMeterTests-resources.sh\"\n";
			showEnvVarsInLog = 0;
		};
		B4B82A306867C7DCE30E55AD /* [CP] Embed Pods Frameworks */ = {
			isa = PBXShellScriptBuildPhase;
			buildActionMask = 2147483647;
			files = (
			);
			inputPaths = (
				"${SRCROOT}/Pods/Target Support Files/Pods-LaunchReactionMeter/Pods-LaunchReactionMeter-frameworks.sh",
				"${BUILT_PRODUCTS_DIR}/Bluetonium/Bluetonium.framework",
				"${BUILT_PRODUCTS_DIR}/CocoaAsyncSocket/CocoaAsyncSocket.framework",
				"${BUILT_PRODUCTS_DIR}/GTMSessionFetcher/GTMSessionFetcher.framework",
				"${BUILT_PRODUCTS_DIR}/GoogleToolboxForMac/GoogleToolboxForMac.framework",
				"${BUILT_PRODUCTS_DIR}/Kronos/Kronos.framework",
				"${BUILT_PRODUCTS_DIR}/MHSNTP/MHSNTP.framework",
				"${BUILT_PRODUCTS_DIR}/SnapKit/SnapKit.framework",
				"${BUILT_PRODUCTS_DIR}/SwiftyBluetooth/SwiftyBluetooth.framework",
				"${BUILT_PRODUCTS_DIR}/nanopb/nanopb.framework",
			);
			name = "[CP] Embed Pods Frameworks";
			outputPaths = (
				"${TARGET_BUILD_DIR}/${FRAMEWORKS_FOLDER_PATH}/Bluetonium.framework",
				"${TARGET_BUILD_DIR}/${FRAMEWORKS_FOLDER_PATH}/CocoaAsyncSocket.framework",
				"${TARGET_BUILD_DIR}/${FRAMEWORKS_FOLDER_PATH}/GTMSessionFetcher.framework",
				"${TARGET_BUILD_DIR}/${FRAMEWORKS_FOLDER_PATH}/GoogleToolboxForMac.framework",
				"${TARGET_BUILD_DIR}/${FRAMEWORKS_FOLDER_PATH}/Kronos.framework",
				"${TARGET_BUILD_DIR}/${FRAMEWORKS_FOLDER_PATH}/MHSNTP.framework",
				"${TARGET_BUILD_DIR}/${FRAMEWORKS_FOLDER_PATH}/SnapKit.framework",
				"${TARGET_BUILD_DIR}/${FRAMEWORKS_FOLDER_PATH}/SwiftyBluetooth.framework",
				"${TARGET_BUILD_DIR}/${FRAMEWORKS_FOLDER_PATH}/nanopb.framework",
			);
			runOnlyForDeploymentPostprocessing = 0;
			shellPath = /bin/sh;
			shellScript = "\"${SRCROOT}/Pods/Target Support Files/Pods-LaunchReactionMeter/Pods-LaunchReactionMeter-frameworks.sh\"\n";
			showEnvVarsInLog = 0;
		};
		C0C3E96BD3086E8BE5EAD5C1 /* [CP] Embed Pods Frameworks */ = {
			isa = PBXShellScriptBuildPhase;
			buildActionMask = 2147483647;
			files = (
			);
			inputPaths = (
			);
			name = "[CP] Embed Pods Frameworks";
			outputPaths = (
			);
			runOnlyForDeploymentPostprocessing = 0;
			shellPath = /bin/sh;
			shellScript = "\"${SRCROOT}/Pods/Target Support Files/Pods-LaunchReactionMeterTests/Pods-LaunchReactionMeterTests-frameworks.sh\"\n";
			showEnvVarsInLog = 0;
		};
		C912C3E18D73E5CC3F8AFDD3 /* [CP] Copy Pods Resources */ = {
			isa = PBXShellScriptBuildPhase;
			buildActionMask = 2147483647;
			files = (
			);
			inputPaths = (
			);
			name = "[CP] Copy Pods Resources";
			outputPaths = (
			);
			runOnlyForDeploymentPostprocessing = 0;
			shellPath = /bin/sh;
			shellScript = "\"${SRCROOT}/Pods/Target Support Files/Pods-LaunchReactionMeterUITests/Pods-LaunchReactionMeterUITests-resources.sh\"\n";
			showEnvVarsInLog = 0;
		};
		C94170A144CFAFAC30E32245 /* [CP] Embed Pods Frameworks */ = {
			isa = PBXShellScriptBuildPhase;
			buildActionMask = 2147483647;
			files = (
			);
			inputPaths = (
			);
			name = "[CP] Embed Pods Frameworks";
			outputPaths = (
			);
			runOnlyForDeploymentPostprocessing = 0;
			shellPath = /bin/sh;
			shellScript = "\"${SRCROOT}/Pods/Target Support Files/Pods-LaunchReactionMeterUITests/Pods-LaunchReactionMeterUITests-frameworks.sh\"\n";
			showEnvVarsInLog = 0;
		};
		CA06BA48513DD1B2727C648C /* [CP] Check Pods Manifest.lock */ = {
			isa = PBXShellScriptBuildPhase;
			buildActionMask = 2147483647;
			files = (
			);
			inputPaths = (
				"${PODS_PODFILE_DIR_PATH}/Podfile.lock",
				"${PODS_ROOT}/Manifest.lock",
			);
			name = "[CP] Check Pods Manifest.lock";
			outputPaths = (
				"$(DERIVED_FILE_DIR)/Pods-LaunchReactionMeterUITests-checkManifestLockResult.txt",
			);
			runOnlyForDeploymentPostprocessing = 0;
			shellPath = /bin/sh;
			shellScript = "diff \"${PODS_PODFILE_DIR_PATH}/Podfile.lock\" \"${PODS_ROOT}/Manifest.lock\" > /dev/null\nif [ $? != 0 ] ; then\n    # print error to STDERR\n    echo \"error: The sandbox is not in sync with the Podfile.lock. Run 'pod install' or update your CocoaPods installation.\" >&2\n    exit 1\nfi\n# This output is used by Xcode 'outputs' to avoid re-running this script phase.\necho \"SUCCESS\" > \"${SCRIPT_OUTPUT_FILE_0}\"\n";
			showEnvVarsInLog = 0;
		};
		ED1CFEC4568E01ECC72605A5 /* [CP] Check Pods Manifest.lock */ = {
			isa = PBXShellScriptBuildPhase;
			buildActionMask = 2147483647;
			files = (
			);
			inputPaths = (
				"${PODS_PODFILE_DIR_PATH}/Podfile.lock",
				"${PODS_ROOT}/Manifest.lock",
			);
			name = "[CP] Check Pods Manifest.lock";
			outputPaths = (
				"$(DERIVED_FILE_DIR)/Pods-LaunchReactionMeterTests-checkManifestLockResult.txt",
			);
			runOnlyForDeploymentPostprocessing = 0;
			shellPath = /bin/sh;
			shellScript = "diff \"${PODS_PODFILE_DIR_PATH}/Podfile.lock\" \"${PODS_ROOT}/Manifest.lock\" > /dev/null\nif [ $? != 0 ] ; then\n    # print error to STDERR\n    echo \"error: The sandbox is not in sync with the Podfile.lock. Run 'pod install' or update your CocoaPods installation.\" >&2\n    exit 1\nfi\n# This output is used by Xcode 'outputs' to avoid re-running this script phase.\necho \"SUCCESS\" > \"${SCRIPT_OUTPUT_FILE_0}\"\n";
			showEnvVarsInLog = 0;
		};
/* End PBXShellScriptBuildPhase section */

/* Begin PBXSourcesBuildPhase section */
		BEBC6B4F204493BB005C9F86 /* Sources */ = {
			isa = PBXSourcesBuildPhase;
			buildActionMask = 2147483647;
			files = (
				BECAFFB5205086D600B20AAF /* ConfigurationProtocol.swift in Sources */,
				BE16ABF2206D6D6500E99BD0 /* StringExtension.swift in Sources */,
				BE16ABDD206D6D3600E99BD0 /* BasePresenter.swift in Sources */,
				BE16ABDC206D6D3600E99BD0 /* BaseInteractor.swift in Sources */,
				BE4536AB207A2E68009B602A /* LRMRegTextField.swift in Sources */,
				BE16AC53206D6F7300E99BD0 /* MenuPresenter.swift in Sources */,
				BE5C28C4207A128E00327871 /* LRMButton.swift in Sources */,
				BEBC6B59204493BB005C9F86 /* ViewController.swift in Sources */,
				BE16ABCC206D6D1400E99BD0 /* BaseHeaderViewController.swift in Sources */,
				BECAFFB3205086CF00B20AAF /* ConfigurationComponent.swift in Sources */,
				BE16AC5A206D6FA100E99BD0 /* HamburgerButton.swift in Sources */,
				BE4536B1207A2E86009B602A /* ConfigurationLRMTextField.swift in Sources */,
				BE5C28BE207A0D2300327871 /* LoginInteractor.swift in Sources */,
				BE16ABDB206D6D3600E99BD0 /* BaseConfigurator.swift in Sources */,
				BE4536A1207A2CA4009B602A /* RegistrationViewController.swift in Sources */,
				BE16AC61206D704700E99BD0 /* ConfigurationLabel.swift in Sources */,
				BEBC6B57204493BB005C9F86 /* AppDelegate.swift in Sources */,
				BE16AC50206D6F7300E99BD0 /* HeaderViewController.swift in Sources */,
				BE16ABEE206D6D6500E99BD0 /* Array.swift in Sources */,
				BE4536C0207A605B009B602A /* SuccessfulRegistrationViewController.swift in Sources */,
				BE5C28C2207A0DEF00327871 /* LoginConfigurator.swift in Sources */,
				BE16ABFE206D6EEF00E99BD0 /* CoreEnvironment.swift in Sources */,
				BECAFFB82050877F00B20AAF /* ConfigurationSingeLineTableViewCell.swift in Sources */,
				BE16AC51206D6F7300E99BD0 /* MenuConfigurator.swift in Sources */,
				BE16AC52206D6F7300E99BD0 /* MenuInteractor.swift in Sources */,
				BE16AC56206D6F7300E99BD0 /* FullScreenWaitingViewController.swift in Sources */,
				BE16ABD0206D6D1400E99BD0 /* BaseViewController.swift in Sources */,
				BE16AC54206D6F7300E99BD0 /* MenuViewController.swift in Sources */,
				BE4536A9207A2E68009B602A /* LRMTextField.swift in Sources */,
				BE16ABCB206D6D1400E99BD0 /* BaseContentViewController.swift in Sources */,
				BE4536B2207A2E86009B602A /* ConfigurationLRMTextFieldWithError.swift in Sources */,
				BE16ABF3206D6D6500E99BD0 /* UIImageExtension.swift in Sources */,
				BE4536B3207A2E86009B602A /* ConfigurationLRMRegTextField.swift in Sources */,
				BE16AC55206D6F7300E99BD0 /* SnackbarViewController.swift in Sources */,
				BE16ABF7206D6D6500E99BD0 /* UIView.swift in Sources */,
				BE16ABCE206D6D1400E99BD0 /* BaseModalViewController.swift in Sources */,
				BECAFFBB205087C000B20AAF /* SingleLineTableViewCell.swift in Sources */,
				BE4536B8207A4304009B602A /* RegistrationData.swift in Sources */,
				BE5C28BB207A0C8700327871 /* UserChooserViewController.swift in Sources */,
				BE16ABEF206D6D6500E99BD0 /* NSDateExtension.swift in Sources */,
				BE16ABF6206D6D6500E99BD0 /* UIScrollViewExtension.swift in Sources */,
				BE5C28C7207A135600327871 /* ConfigurationLRMButton.swift in Sources */,
				BE5C28C0207A0DB800327871 /* UserChooserPresenter.swift in Sources */,
				BE4536A3207A2CBE009B602A /* RegistrationPresenter.swift in Sources */,
				BE16ABE0206D6D3600E99BD0 /* MainViewController.swift in Sources */,
				BE4536AA207A2E68009B602A /* LRMTextFieldWithError.swift in Sources */,
				BE16ABDE206D6D3600E99BD0 /* LifeCycleDelegate.swift in Sources */,
				BE16ABF0206D6D6500E99BD0 /* NSMutableAttributedStringExtension.swift in Sources */,
				BE16AC01206D6F2800E99BD0 /* TabbedPager.swift in Sources */,
				BE16ABF5206D6D6500E99BD0 /* UIScreen.swift in Sources */,
				BE16ABDF206D6D3600E99BD0 /* MainMovementExtension.swift in Sources */,
				BE4536C2207A624F009B602A /* SuccessfulRegistrationPresenter.swift in Sources */,
				BE16AC5E206D703A00E99BD0 /* Label.swift in Sources */,
				BE16ABFC206D6DD000E99BD0 /* RefreshProtocol.swift in Sources */,
				BECAFFAC2050786D00B20AAF /* MultiPeerCommunicationManager.swift in Sources */,
				BE16ABF1206D6D6500E99BD0 /* PHAssetExtension.swift in Sources */,
				BE16ABD1206D6D1400E99BD0 /* BaseWaitingViewController.swift in Sources */,
				BE16ABC0206D590100E99BD0 /* TimeManager.swift in Sources */,
				BE16ABCF206D6D1400E99BD0 /* BaseToastViewController.swift in Sources */,
				BE16ABE1206D6D3600E99BD0 /* MenuLayer.swift in Sources */,
				BE16ABE2206D6D3600E99BD0 /* ShadeLayer.swift in Sources */,
				BE16ABCD206D6D1400E99BD0 /* BaseMenuViewController.swift in Sources */,
				BE16ABFB206D6DD000E99BD0 /* MovementProtocol.swift in Sources */,
				BEBC6B8620449553005C9F86 /* Constants.swift in Sources */,
			);
			runOnlyForDeploymentPostprocessing = 0;
		};
		BEBC6B63204493BB005C9F86 /* Sources */ = {
			isa = PBXSourcesBuildPhase;
			buildActionMask = 2147483647;
			files = (
				BEBC6B6C204493BB005C9F86 /* LaunchReactionMeterTests.swift in Sources */,
			);
			runOnlyForDeploymentPostprocessing = 0;
		};
		BEBC6B6E204493BB005C9F86 /* Sources */ = {
			isa = PBXSourcesBuildPhase;
			buildActionMask = 2147483647;
			files = (
				BEBC6B77204493BB005C9F86 /* LaunchReactionMeterUITests.swift in Sources */,
			);
			runOnlyForDeploymentPostprocessing = 0;
		};
/* End PBXSourcesBuildPhase section */

/* Begin PBXTargetDependency section */
		BEBC6B69204493BB005C9F86 /* PBXTargetDependency */ = {
			isa = PBXTargetDependency;
			target = BEBC6B52204493BB005C9F86 /* LaunchReactionMeter */;
			targetProxy = BEBC6B68204493BB005C9F86 /* PBXContainerItemProxy */;
		};
		BEBC6B74204493BB005C9F86 /* PBXTargetDependency */ = {
			isa = PBXTargetDependency;
			target = BEBC6B52204493BB005C9F86 /* LaunchReactionMeter */;
			targetProxy = BEBC6B73204493BB005C9F86 /* PBXContainerItemProxy */;
		};
/* End PBXTargetDependency section */

/* Begin XCBuildConfiguration section */
		BEBC6B79204493BB005C9F86 /* Debug */ = {
			isa = XCBuildConfiguration;
			buildSettings = {
				ALWAYS_SEARCH_USER_PATHS = NO;
				CLANG_ANALYZER_NONNULL = YES;
				CLANG_ANALYZER_NUMBER_OBJECT_CONVERSION = YES_AGGRESSIVE;
				CLANG_CXX_LANGUAGE_STANDARD = "gnu++14";
				CLANG_CXX_LIBRARY = "libc++";
				CLANG_ENABLE_MODULES = YES;
				CLANG_ENABLE_OBJC_ARC = YES;
				CLANG_WARN_BLOCK_CAPTURE_AUTORELEASING = YES;
				CLANG_WARN_BOOL_CONVERSION = YES;
				CLANG_WARN_COMMA = YES;
				CLANG_WARN_CONSTANT_CONVERSION = YES;
				CLANG_WARN_DIRECT_OBJC_ISA_USAGE = YES_ERROR;
				CLANG_WARN_DOCUMENTATION_COMMENTS = YES;
				CLANG_WARN_EMPTY_BODY = YES;
				CLANG_WARN_ENUM_CONVERSION = YES;
				CLANG_WARN_INFINITE_RECURSION = YES;
				CLANG_WARN_INT_CONVERSION = YES;
				CLANG_WARN_NON_LITERAL_NULL_CONVERSION = YES;
				CLANG_WARN_OBJC_LITERAL_CONVERSION = YES;
				CLANG_WARN_OBJC_ROOT_CLASS = YES_ERROR;
				CLANG_WARN_RANGE_LOOP_ANALYSIS = YES;
				CLANG_WARN_STRICT_PROTOTYPES = YES;
				CLANG_WARN_SUSPICIOUS_MOVE = YES;
				CLANG_WARN_UNGUARDED_AVAILABILITY = YES_AGGRESSIVE;
				CLANG_WARN_UNREACHABLE_CODE = YES;
				CLANG_WARN__DUPLICATE_METHOD_MATCH = YES;
				CODE_SIGN_IDENTITY = "iPhone Developer";
				COPY_PHASE_STRIP = NO;
				DEBUG_INFORMATION_FORMAT = dwarf;
				ENABLE_STRICT_OBJC_MSGSEND = YES;
				ENABLE_TESTABILITY = YES;
				GCC_C_LANGUAGE_STANDARD = gnu11;
				GCC_DYNAMIC_NO_PIC = NO;
				GCC_NO_COMMON_BLOCKS = YES;
				GCC_OPTIMIZATION_LEVEL = 0;
				GCC_PREPROCESSOR_DEFINITIONS = (
					"DEBUG=1",
					"$(inherited)",
				);
				GCC_WARN_64_TO_32_BIT_CONVERSION = YES;
				GCC_WARN_ABOUT_RETURN_TYPE = YES_ERROR;
				GCC_WARN_UNDECLARED_SELECTOR = YES;
				GCC_WARN_UNINITIALIZED_AUTOS = YES_AGGRESSIVE;
				GCC_WARN_UNUSED_FUNCTION = YES;
				GCC_WARN_UNUSED_VARIABLE = YES;
				IPHONEOS_DEPLOYMENT_TARGET = 11.2;
				MTL_ENABLE_DEBUG_INFO = YES;
				ONLY_ACTIVE_ARCH = YES;
				SDKROOT = iphoneos;
				SWIFT_ACTIVE_COMPILATION_CONDITIONS = DEBUG;
				SWIFT_OPTIMIZATION_LEVEL = "-Onone";
			};
			name = Debug;
		};
		BEBC6B7A204493BB005C9F86 /* Release */ = {
			isa = XCBuildConfiguration;
			buildSettings = {
				ALWAYS_SEARCH_USER_PATHS = NO;
				CLANG_ANALYZER_NONNULL = YES;
				CLANG_ANALYZER_NUMBER_OBJECT_CONVERSION = YES_AGGRESSIVE;
				CLANG_CXX_LANGUAGE_STANDARD = "gnu++14";
				CLANG_CXX_LIBRARY = "libc++";
				CLANG_ENABLE_MODULES = YES;
				CLANG_ENABLE_OBJC_ARC = YES;
				CLANG_WARN_BLOCK_CAPTURE_AUTORELEASING = YES;
				CLANG_WARN_BOOL_CONVERSION = YES;
				CLANG_WARN_COMMA = YES;
				CLANG_WARN_CONSTANT_CONVERSION = YES;
				CLANG_WARN_DIRECT_OBJC_ISA_USAGE = YES_ERROR;
				CLANG_WARN_DOCUMENTATION_COMMENTS = YES;
				CLANG_WARN_EMPTY_BODY = YES;
				CLANG_WARN_ENUM_CONVERSION = YES;
				CLANG_WARN_INFINITE_RECURSION = YES;
				CLANG_WARN_INT_CONVERSION = YES;
				CLANG_WARN_NON_LITERAL_NULL_CONVERSION = YES;
				CLANG_WARN_OBJC_LITERAL_CONVERSION = YES;
				CLANG_WARN_OBJC_ROOT_CLASS = YES_ERROR;
				CLANG_WARN_RANGE_LOOP_ANALYSIS = YES;
				CLANG_WARN_STRICT_PROTOTYPES = YES;
				CLANG_WARN_SUSPICIOUS_MOVE = YES;
				CLANG_WARN_UNGUARDED_AVAILABILITY = YES_AGGRESSIVE;
				CLANG_WARN_UNREACHABLE_CODE = YES;
				CLANG_WARN__DUPLICATE_METHOD_MATCH = YES;
				CODE_SIGN_IDENTITY = "iPhone Developer";
				COPY_PHASE_STRIP = NO;
				DEBUG_INFORMATION_FORMAT = "dwarf-with-dsym";
				ENABLE_NS_ASSERTIONS = NO;
				ENABLE_STRICT_OBJC_MSGSEND = YES;
				GCC_C_LANGUAGE_STANDARD = gnu11;
				GCC_NO_COMMON_BLOCKS = YES;
				GCC_WARN_64_TO_32_BIT_CONVERSION = YES;
				GCC_WARN_ABOUT_RETURN_TYPE = YES_ERROR;
				GCC_WARN_UNDECLARED_SELECTOR = YES;
				GCC_WARN_UNINITIALIZED_AUTOS = YES_AGGRESSIVE;
				GCC_WARN_UNUSED_FUNCTION = YES;
				GCC_WARN_UNUSED_VARIABLE = YES;
				IPHONEOS_DEPLOYMENT_TARGET = 11.2;
				MTL_ENABLE_DEBUG_INFO = NO;
				SDKROOT = iphoneos;
				SWIFT_OPTIMIZATION_LEVEL = "-Owholemodule";
				VALIDATE_PRODUCT = YES;
			};
			name = Release;
		};
		BEBC6B7C204493BB005C9F86 /* Debug */ = {
			isa = XCBuildConfiguration;
			baseConfigurationReference = 19B277FF3FAB8B6071375E22 /* Pods-LaunchReactionMeter.debug.xcconfig */;
			buildSettings = {
				ASSETCATALOG_COMPILER_APPICON_NAME = AppIcon;
				CLANG_ENABLE_MODULES = YES;
				CODE_SIGN_ENTITLEMENTS = LaunchReactionMeter/LaunchReactionMeter.entitlements;
				CODE_SIGN_STYLE = Automatic;
				DEVELOPMENT_TEAM = 54J27HGV3U;
				INFOPLIST_FILE = LaunchReactionMeter/Info.plist;
				IPHONEOS_DEPLOYMENT_TARGET = 9.3;
				LD_RUNPATH_SEARCH_PATHS = "$(inherited) @executable_path/Frameworks";
				ONLY_ACTIVE_ARCH = YES;
				PRODUCT_BUNDLE_IDENTIFIER = hu.LaunchReactionMeter;
				PRODUCT_NAME = "$(TARGET_NAME)";
				SWIFT_OBJC_BRIDGING_HEADER = "LaunchReactionMeter/LaunchReactionMeter-Bridging-Header.h";
				SWIFT_OPTIMIZATION_LEVEL = "-Onone";
				SWIFT_VERSION = 4.0;
				TARGETED_DEVICE_FAMILY = "1,2";
			};
			name = Debug;
		};
		BEBC6B7D204493BB005C9F86 /* Release */ = {
			isa = XCBuildConfiguration;
			baseConfigurationReference = 0A7BFF056634A493CB24A4B9 /* Pods-LaunchReactionMeter.release.xcconfig */;
			buildSettings = {
				ASSETCATALOG_COMPILER_APPICON_NAME = AppIcon;
				CLANG_ENABLE_MODULES = YES;
				CODE_SIGN_ENTITLEMENTS = LaunchReactionMeter/LaunchReactionMeter.entitlements;
				CODE_SIGN_STYLE = Automatic;
				DEVELOPMENT_TEAM = 54J27HGV3U;
				INFOPLIST_FILE = LaunchReactionMeter/Info.plist;
				IPHONEOS_DEPLOYMENT_TARGET = 9.3;
				LD_RUNPATH_SEARCH_PATHS = "$(inherited) @executable_path/Frameworks";
				ONLY_ACTIVE_ARCH = NO;
				PRODUCT_BUNDLE_IDENTIFIER = hu.LaunchReactionMeter;
				PRODUCT_NAME = "$(TARGET_NAME)";
				SWIFT_OBJC_BRIDGING_HEADER = "LaunchReactionMeter/LaunchReactionMeter-Bridging-Header.h";
				SWIFT_VERSION = 4.0;
				TARGETED_DEVICE_FAMILY = "1,2";
			};
			name = Release;
		};
		BEBC6B7F204493BB005C9F86 /* Debug */ = {
			isa = XCBuildConfiguration;
			baseConfigurationReference = 0A17D0594C33053CF2AD9980 /* Pods-LaunchReactionMeterTests.debug.xcconfig */;
			buildSettings = {
				ALWAYS_EMBED_SWIFT_STANDARD_LIBRARIES = YES;
				BUNDLE_LOADER = "$(TEST_HOST)";
				CODE_SIGN_STYLE = Automatic;
				INFOPLIST_FILE = LaunchReactionMeterTests/Info.plist;
				LD_RUNPATH_SEARCH_PATHS = "$(inherited) @executable_path/Frameworks @loader_path/Frameworks";
				PRODUCT_BUNDLE_IDENTIFIER = kemenes.LaunchReactionMeterTests;
				PRODUCT_NAME = "$(TARGET_NAME)";
				SWIFT_VERSION = 4.0;
				TARGETED_DEVICE_FAMILY = "1,2";
				TEST_HOST = "$(BUILT_PRODUCTS_DIR)/LaunchReactionMeter.app/LaunchReactionMeter";
			};
			name = Debug;
		};
		BEBC6B80204493BB005C9F86 /* Release */ = {
			isa = XCBuildConfiguration;
			baseConfigurationReference = 1D6B365BD6572EE239C810DF /* Pods-LaunchReactionMeterTests.release.xcconfig */;
			buildSettings = {
				ALWAYS_EMBED_SWIFT_STANDARD_LIBRARIES = YES;
				BUNDLE_LOADER = "$(TEST_HOST)";
				CODE_SIGN_STYLE = Automatic;
				INFOPLIST_FILE = LaunchReactionMeterTests/Info.plist;
				LD_RUNPATH_SEARCH_PATHS = "$(inherited) @executable_path/Frameworks @loader_path/Frameworks";
				PRODUCT_BUNDLE_IDENTIFIER = kemenes.LaunchReactionMeterTests;
				PRODUCT_NAME = "$(TARGET_NAME)";
				SWIFT_VERSION = 4.0;
				TARGETED_DEVICE_FAMILY = "1,2";
				TEST_HOST = "$(BUILT_PRODUCTS_DIR)/LaunchReactionMeter.app/LaunchReactionMeter";
			};
			name = Release;
		};
		BEBC6B82204493BB005C9F86 /* Debug */ = {
			isa = XCBuildConfiguration;
			baseConfigurationReference = 58DD6A01CCF916D298730FA6 /* Pods-LaunchReactionMeterUITests.debug.xcconfig */;
			buildSettings = {
				ALWAYS_EMBED_SWIFT_STANDARD_LIBRARIES = YES;
				CODE_SIGN_STYLE = Automatic;
				INFOPLIST_FILE = LaunchReactionMeterUITests/Info.plist;
				LD_RUNPATH_SEARCH_PATHS = "$(inherited) @executable_path/Frameworks @loader_path/Frameworks";
				PRODUCT_BUNDLE_IDENTIFIER = kemenes.LaunchReactionMeterUITests;
				PRODUCT_NAME = "$(TARGET_NAME)";
				SWIFT_VERSION = 4.0;
				TARGETED_DEVICE_FAMILY = "1,2";
				TEST_TARGET_NAME = LaunchReactionMeter;
			};
			name = Debug;
		};
		BEBC6B83204493BB005C9F86 /* Release */ = {
			isa = XCBuildConfiguration;
			baseConfigurationReference = 7CBA3F48632026533C7C346A /* Pods-LaunchReactionMeterUITests.release.xcconfig */;
			buildSettings = {
				ALWAYS_EMBED_SWIFT_STANDARD_LIBRARIES = YES;
				CODE_SIGN_STYLE = Automatic;
				INFOPLIST_FILE = LaunchReactionMeterUITests/Info.plist;
				LD_RUNPATH_SEARCH_PATHS = "$(inherited) @executable_path/Frameworks @loader_path/Frameworks";
				PRODUCT_BUNDLE_IDENTIFIER = kemenes.LaunchReactionMeterUITests;
				PRODUCT_NAME = "$(TARGET_NAME)";
				SWIFT_VERSION = 4.0;
				TARGETED_DEVICE_FAMILY = "1,2";
				TEST_TARGET_NAME = LaunchReactionMeter;
			};
			name = Release;
		};
/* End XCBuildConfiguration section */

/* Begin XCConfigurationList section */
		BEBC6B4E204493BB005C9F86 /* Build configuration list for PBXProject "LaunchReactionMeter" */ = {
			isa = XCConfigurationList;
			buildConfigurations = (
				BEBC6B79204493BB005C9F86 /* Debug */,
				BEBC6B7A204493BB005C9F86 /* Release */,
			);
			defaultConfigurationIsVisible = 0;
			defaultConfigurationName = Release;
		};
		BEBC6B7B204493BB005C9F86 /* Build configuration list for PBXNativeTarget "LaunchReactionMeter" */ = {
			isa = XCConfigurationList;
			buildConfigurations = (
				BEBC6B7C204493BB005C9F86 /* Debug */,
				BEBC6B7D204493BB005C9F86 /* Release */,
			);
			defaultConfigurationIsVisible = 0;
			defaultConfigurationName = Release;
		};
		BEBC6B7E204493BB005C9F86 /* Build configuration list for PBXNativeTarget "LaunchReactionMeterTests" */ = {
			isa = XCConfigurationList;
			buildConfigurations = (
				BEBC6B7F204493BB005C9F86 /* Debug */,
				BEBC6B80204493BB005C9F86 /* Release */,
			);
			defaultConfigurationIsVisible = 0;
			defaultConfigurationName = Release;
		};
		BEBC6B81204493BB005C9F86 /* Build configuration list for PBXNativeTarget "LaunchReactionMeterUITests" */ = {
			isa = XCConfigurationList;
			buildConfigurations = (
				BEBC6B82204493BB005C9F86 /* Debug */,
				BEBC6B83204493BB005C9F86 /* Release */,
			);
			defaultConfigurationIsVisible = 0;
			defaultConfigurationName = Release;
		};
/* End XCConfigurationList section */
	};
	rootObject = BEBC6B4B204493BB005C9F86 /* Project object */;
}
